# THIS IS AN AUTOGENERATED FILE. DO NOT EDIT THIS FILE DIRECTLY.
# yarn lockfile v1


"@vue/reactivity@^3.1.2":
  version "3.1.2"
  resolved "https://registry.yarnpkg.com/@vue/reactivity/-/reactivity-3.1.2.tgz#66fa530dd726d2fef285ae55d02106a727db463b"
  integrity sha512-glJzJoN2xE7I2lRvwKM5u1BHRPTd1yc8iaf//Lai/78/uYAvE5DXp5HzWRFOwMlbRvMGJHIQjOqoxj87cDAaag==
  dependencies:
    "@vue/shared" "3.1.2"

"@vue/shared@3.1.2", "@vue/shared@^3.1.2":
  version "3.1.2"
  resolved "https://registry.yarnpkg.com/@vue/shared/-/shared-3.1.2.tgz#1069c0bc7d6f4bd15ccf3a5f3be29450aca368f9"
  integrity sha512-EmH/poaDWBPJaPILXNI/1fvUbArJQmmTyVCwvvyDYDFnkPoTclAbHRAtyIvqfez7jybTDn077HTNILpxlsoWhg==
